
Microsoft Visual Studio Solution File, Format Version 12.00
# Visual Studio Version 16
VisualStudioVersion = 16.0.29324.140
MinimumVisualStudioVersion = 10.0.40219.1
Project("{9A19103F-16F7-4668-BE54-9A1E7A4F7556}") = "JSClientApp", "JSClientApp.csproj", "{D571E2F4-9CBA-4AF6-AC0C-3C25C698BEF9}"
EndProject
Project("{FAE04EC0-301F-11D3-BF4B-00C04F79EFBC}") = "JSClientAPI", "..\JSClientAPI\JSClientAPI.csproj", "{D71820C7-6863-400B-8AAD-3CB30BDAE092}"
EndProject
Global
	GlobalSection(SolutionConfigurationPlatforms) = preSolution
		Debug|Any CPU = Debug|Any CPU
		Release|Any CPU = Release|Any CPU
	EndGlobalSection
	GlobalSection(ProjectConfigurationPlatforms) = postSolution
		{D571E2F4-9CBA-4AF6-AC0C-3C25C698BEF9}.Debug|Any CPU.ActiveCfg = Debug|Any CPU
		{D571E2F4-9CBA-4AF6-AC0C-3C25C698BEF9}.Debug|Any CPU.Build.0 = Debug|Any CPU
		{D571E2F4-9CBA-4AF6-AC0C-3C25C698BEF9}.Release|Any CPU.ActiveCfg = Release|Any CPU
		{D571E2F4-9CBA-4AF6-AC0C-3C25C698BEF9}.Release|Any CPU.Build.0 = Release|Any CPU
		{D71820C7-6863-400B-8AAD-3CB30BDAE092}.Debug|Any CPU.ActiveCfg = Debug|Any CPU
		{D71820C7-6863-400B-8AAD-3CB30BDAE092}.Debug|Any CPU.Build.0 = Debug|Any CPU
		{D71820C7-6863-400B-8AAD-3CB30BDAE092}.Release|Any CPU.ActiveCfg = Release|Any CPU
		{D71820C7-6863-400B-8AAD-3CB30BDAE092}.Release|Any CPU.Build.0 = Release|Any CPU
	EndGlobalSection
	GlobalSection(SolutionProperties) = preSolution
		HideSolutionNode = FALSE
	EndGlobalSection
	GlobalSection(ExtensibilityGlobals) = postSolution
		SolutionGuid = {8F329AD3-8518-48D2-B693-F027E6D36FE3}
	EndGlobalSection
EndGlobal
